
Microsoft Visual Studio Solution File, Format Version 12.00
# Visual Studio Version 17
VisualStudioVersion = 17.4.33205.214
MinimumVisualStudioVersion = 10.0.40219.1
Project("{2150E333-8FDC-42A3-9474-1A3956D46DE8}") = "Core", "Core", "{C66D1589-4389-4C74-985F-4918205DC07F}"
EndProject
Project("{2150E333-8FDC-42A3-9474-1A3956D46DE8}") = "Infrastructure", "Infrastructure", "{4FE1FA62-6C46-42B0-A407-3A18951B086F}"
EndProject
Project("{2150E333-8FDC-42A3-9474-1A3956D46DE8}") = "Presentation", "Presentation", "{75287093-7396-470F-92B4-28C1AA09F64F}"
EndProject
Project("{2150E333-8FDC-42A3-9474-1A3956D46DE8}") = "FloraAPI.Application", "FloraAPI.Application", "{801AA6D9-56C5-4624-8C2E-748C12B6A757}"
EndProject
Project("{2150E333-8FDC-42A3-9474-1A3956D46DE8}") = "FloraAPI.Domain", "FloraAPI.Domain", "{11291EBA-A068-4590-94AB-F0073ED06CE1}"
EndProject
Project("{2150E333-8FDC-42A3-9474-1A3956D46DE8}") = "FloraAPI.Infrastructure", "FloraAPI.Infrastructure", "{97C39F29-0D84-43CE-9E9D-1239E1970D56}"
EndProject
Project("{9A19103F-16F7-4668-BE54-9A1E7A4F7556}") = "FloraAPI.Application", "Core\FloraAPI.Application\FloraAPI.Application.csproj", "{FB803540-EC23-48C3-B5D5-5B4F0803FF8D}"
EndProject
Project("{9A19103F-16F7-4668-BE54-9A1E7A4F7556}") = "FloraAPI.Domain", "Core\FloraAPI.Domain\FloraAPI.Domain.csproj", "{3A988492-E6B5-4C69-A529-5A0E834C998E}"
EndProject
Project("{9A19103F-16F7-4668-BE54-9A1E7A4F7556}") = "FloraAPI.Infrastructure", "Infrastructure\FloraAPI.Infrastructure\FloraAPI.Infrastructure.csproj", "{B7B888A9-2C20-4F16-9E12-0169AF7B005F}"
EndProject
Project("{9A19103F-16F7-4668-BE54-9A1E7A4F7556}") = "FLoraAPI.Persistence", "Infrastructure\FLoraAPI.Persistence\FLoraAPI.Persistence.csproj", "{38C70B4E-C302-4852-9E86-A8CA573D2A9E}"
EndProject
Project("{9A19103F-16F7-4668-BE54-9A1E7A4F7556}") = "FLoraAPI.API", "Presentation\FLoraAPI.API\FLoraAPI.API.csproj", "{EF0E2CA4-8F61-4A04-8ED5-F17933F72F9C}"
EndProject
Global
	GlobalSection(SolutionConfigurationPlatforms) = preSolution
		Debug|Any CPU = Debug|Any CPU
		Release|Any CPU = Release|Any CPU
	EndGlobalSection
	GlobalSection(ProjectConfigurationPlatforms) = postSolution
		{FB803540-EC23-48C3-B5D5-5B4F0803FF8D}.Debug|Any CPU.ActiveCfg = Debug|Any CPU
		{FB803540-EC23-48C3-B5D5-5B4F0803FF8D}.Debug|Any CPU.Build.0 = Debug|Any CPU
		{FB803540-EC23-48C3-B5D5-5B4F0803FF8D}.Release|Any CPU.ActiveCfg = Release|Any CPU
		{FB803540-EC23-48C3-B5D5-5B4F0803FF8D}.Release|Any CPU.Build.0 = Release|Any CPU
		{3A988492-E6B5-4C69-A529-5A0E834C998E}.Debug|Any CPU.ActiveCfg = Debug|Any CPU
		{3A988492-E6B5-4C69-A529-5A0E834C998E}.Debug|Any CPU.Build.0 = Debug|Any CPU
		{3A988492-E6B5-4C69-A529-5A0E834C998E}.Release|Any CPU.ActiveCfg = Release|Any CPU
		{3A988492-E6B5-4C69-A529-5A0E834C998E}.Release|Any CPU.Build.0 = Release|Any CPU
		{B7B888A9-2C20-4F16-9E12-0169AF7B005F}.Debug|Any CPU.ActiveCfg = Debug|Any CPU
		{B7B888A9-2C20-4F16-9E12-0169AF7B005F}.Debug|Any CPU.Build.0 = Debug|Any CPU
		{B7B888A9-2C20-4F16-9E12-0169AF7B005F}.Release|Any CPU.ActiveCfg = Release|Any CPU
		{B7B888A9-2C20-4F16-9E12-0169AF7B005F}.Release|Any CPU.Build.0 = Release|Any CPU
		{38C70B4E-C302-4852-9E86-A8CA573D2A9E}.Debug|Any CPU.ActiveCfg = Debug|Any CPU
		{38C70B4E-C302-4852-9E86-A8CA573D2A9E}.Debug|Any CPU.Build.0 = Debug|Any CPU
		{38C70B4E-C302-4852-9E86-A8CA573D2A9E}.Release|Any CPU.ActiveCfg = Release|Any CPU
		{38C70B4E-C302-4852-9E86-A8CA573D2A9E}.Release|Any CPU.Build.0 = Release|Any CPU
		{EF0E2CA4-8F61-4A04-8ED5-F17933F72F9C}.Debug|Any CPU.ActiveCfg = Debug|Any CPU
		{EF0E2CA4-8F61-4A04-8ED5-F17933F72F9C}.Debug|Any CPU.Build.0 = Debug|Any CPU
		{EF0E2CA4-8F61-4A04-8ED5-F17933F72F9C}.Release|Any CPU.ActiveCfg = Release|Any CPU
		{EF0E2CA4-8F61-4A04-8ED5-F17933F72F9C}.Release|Any CPU.Build.0 = Release|Any CPU
	EndGlobalSection
	GlobalSection(SolutionProperties) = preSolution
		HideSolutionNode = FALSE
	EndGlobalSection
	GlobalSection(NestedProjects) = preSolution
		{801AA6D9-56C5-4624-8C2E-748C12B6A757} = {C66D1589-4389-4C74-985F-4918205DC07F}
		{11291EBA-A068-4590-94AB-F0073ED06CE1} = {C66D1589-4389-4C74-985F-4918205DC07F}
		{97C39F29-0D84-43CE-9E9D-1239E1970D56} = {4FE1FA62-6C46-42B0-A407-3A18951B086F}
		{FB803540-EC23-48C3-B5D5-5B4F0803FF8D} = {801AA6D9-56C5-4624-8C2E-748C12B6A757}
		{3A988492-E6B5-4C69-A529-5A0E834C998E} = {11291EBA-A068-4590-94AB-F0073ED06CE1}
		{B7B888A9-2C20-4F16-9E12-0169AF7B005F} = {97C39F29-0D84-43CE-9E9D-1239E1970D56}
		{38C70B4E-C302-4852-9E86-A8CA573D2A9E} = {97C39F29-0D84-43CE-9E9D-1239E1970D56}
		{EF0E2CA4-8F61-4A04-8ED5-F17933F72F9C} = {75287093-7396-470F-92B4-28C1AA09F64F}
	EndGlobalSection
	GlobalSection(ExtensibilityGlobals) = postSolution
		SolutionGuid = {F5FC372F-1F5A-4D6A-A137-D0F090ED8463}
	EndGlobalSection
EndGlobal
